
Microsoft Visual Studio Solution File, Format Version 12.00
# Visual Studio Version 17
VisualStudioVersion = 17.0.31903.59
MinimumVisualStudioVersion = 10.0.40219.1
Project("{FAE04EC0-301F-11D3-BF4B-00C04F79EFBC}") = "TerminalDiary", "TerminalDiary\TerminalDiary.csproj", "{7737C635-1088-40DE-825A-23A5B17EC67F}"
EndProject
Project("{FAE04EC0-301F-11D3-BF4B-00C04F79EFBC}") = "Lib", "Lib\Lib.csproj", "{C1347A27-E2F0-4B68-8DFF-753B932F15FC}"
EndProject
Project("{2150E333-8FDC-42A3-9474-1A3956D46DE8}") = "Tests", "Tests", "{7CF89DE3-55A3-4C81-9A13-C5F6BE4C9669}"
EndProject
Project("{FAE04EC0-301F-11D3-BF4B-00C04F79EFBC}") = "LibTest", "Tests\LibTest\LibTest.csproj", "{DED55323-AAA9-4A78-9907-7D02F66B1CCB}"
EndProject
Project("{FAE04EC0-301F-11D3-BF4B-00C04F79EFBC}") = "TerminalDiaryTest", "Tests\TerminalDiaryTest\TerminalDiaryTest.csproj", "{AEEE2343-6198-48A0-AC92-818A5BFC4AC4}"
EndProject
Global
	GlobalSection(SolutionConfigurationPlatforms) = preSolution
		Debug|Any CPU = Debug|Any CPU
		Release|Any CPU = Release|Any CPU
	EndGlobalSection
	GlobalSection(SolutionProperties) = preSolution
		HideSolutionNode = FALSE
	EndGlobalSection
	GlobalSection(ProjectConfigurationPlatforms) = postSolution
		{7737C635-1088-40DE-825A-23A5B17EC67F}.Debug|Any CPU.ActiveCfg = Debug|Any CPU
		{7737C635-1088-40DE-825A-23A5B17EC67F}.Debug|Any CPU.Build.0 = Debug|Any CPU
		{7737C635-1088-40DE-825A-23A5B17EC67F}.Release|Any CPU.ActiveCfg = Release|Any CPU
		{7737C635-1088-40DE-825A-23A5B17EC67F}.Release|Any CPU.Build.0 = Release|Any CPU
		{C1347A27-E2F0-4B68-8DFF-753B932F15FC}.Debug|Any CPU.ActiveCfg = Debug|Any CPU
		{C1347A27-E2F0-4B68-8DFF-753B932F15FC}.Debug|Any CPU.Build.0 = Debug|Any CPU
		{C1347A27-E2F0-4B68-8DFF-753B932F15FC}.Release|Any CPU.ActiveCfg = Release|Any CPU
		{C1347A27-E2F0-4B68-8DFF-753B932F15FC}.Release|Any CPU.Build.0 = Release|Any CPU
		{DED55323-AAA9-4A78-9907-7D02F66B1CCB}.Debug|Any CPU.ActiveCfg = Debug|Any CPU
		{DED55323-AAA9-4A78-9907-7D02F66B1CCB}.Debug|Any CPU.Build.0 = Debug|Any CPU
		{DED55323-AAA9-4A78-9907-7D02F66B1CCB}.Release|Any CPU.ActiveCfg = Release|Any CPU
		{DED55323-AAA9-4A78-9907-7D02F66B1CCB}.Release|Any CPU.Build.0 = Release|Any CPU
		{AEEE2343-6198-48A0-AC92-818A5BFC4AC4}.Debug|Any CPU.ActiveCfg = Debug|Any CPU
		{AEEE2343-6198-48A0-AC92-818A5BFC4AC4}.Debug|Any CPU.Build.0 = Debug|Any CPU
		{AEEE2343-6198-48A0-AC92-818A5BFC4AC4}.Release|Any CPU.ActiveCfg = Release|Any CPU
		{AEEE2343-6198-48A0-AC92-818A5BFC4AC4}.Release|Any CPU.Build.0 = Release|Any CPU
	EndGlobalSection
	GlobalSection(NestedProjects) = preSolution
		{DED55323-AAA9-4A78-9907-7D02F66B1CCB} = {7CF89DE3-55A3-4C81-9A13-C5F6BE4C9669}
		{AEEE2343-6198-48A0-AC92-818A5BFC4AC4} = {7CF89DE3-55A3-4C81-9A13-C5F6BE4C9669}
	EndGlobalSection
EndGlobal
